
Microsoft Visual Studio Solution File, Format Version 12.00
# Visual Studio 14
VisualStudioVersion = 14.0.25420.1
MinimumVisualStudioVersion = 10.0.40219.1
Project("{FAE04EC0-301F-11D3-BF4B-00C04F79EFBC}") = "SampleFlyout", "SampleFlyout\SampleFlyout\SampleFlyout.csproj", "{B7B76DAA-56D8-48BB-8DBF-DC2E2ED9F1A8}"
EndProject
Project("{FAE04EC0-301F-11D3-BF4B-00C04F79EFBC}") = "SampleFlyout.Droid", "SampleFlyout\SampleFlyout.Droid\SampleFlyout.Droid.csproj", "{9B4C2085-602D-4D8C-9ECA-3116F1E98743}"
EndProject
Project("{FAE04EC0-301F-11D3-BF4B-00C04F79EFBC}") = "SampleFlyout.iOS", "SampleFlyout\SampleFlyout.iOS\SampleFlyout.iOS.csproj", "{2DC52AC0-AEE3-454D-9AF1-D923E1BD0337}"
EndProject
Project("{FAE04EC0-301F-11D3-BF4B-00C04F79EFBC}") = "SampleFlyout.UWP", "SampleFlyout\SampleFlyout.UWP\SampleFlyout.UWP.csproj", "{0C016084-0D49-4950-84D9-3D706903478E}"
EndProject
Global
	GlobalSection(SolutionConfigurationPlatforms) = preSolution
		Ad-Hoc|Any CPU = Ad-Hoc|Any CPU
		Ad-Hoc|ARM = Ad-Hoc|ARM
		Ad-Hoc|iPhone = Ad-Hoc|iPhone
		Ad-Hoc|iPhoneSimulator = Ad-Hoc|iPhoneSimulator
		Ad-Hoc|x64 = Ad-Hoc|x64
		Ad-Hoc|x86 = Ad-Hoc|x86
		AppStore|Any CPU = AppStore|Any CPU
		AppStore|ARM = AppStore|ARM
		AppStore|iPhone = AppStore|iPhone
		AppStore|iPhoneSimulator = AppStore|iPhoneSimulator
		AppStore|x64 = AppStore|x64
		AppStore|x86 = AppStore|x86
		Debug|Any CPU = Debug|Any CPU
		Debug|ARM = Debug|ARM
		Debug|iPhone = Debug|iPhone
		Debug|iPhoneSimulator = Debug|iPhoneSimulator
		Debug|x64 = Debug|x64
		Debug|x86 = Debug|x86
		Release|Any CPU = Release|Any CPU
		Release|ARM = Release|ARM
		Release|iPhone = Release|iPhone
		Release|iPhoneSimulator = Release|iPhoneSimulator
		Release|x64 = Release|x64
		Release|x86 = Release|x86
	EndGlobalSection
	GlobalSection(ProjectConfigurationPlatforms) = postSolution
		{B7B76DAA-56D8-48BB-8DBF-DC2E2ED9F1A8}.Ad-Hoc|Any CPU.ActiveCfg = Release|Any CPU
		{B7B76DAA-56D8-48BB-8DBF-DC2E2ED9F1A8}.Ad-Hoc|Any CPU.Build.0 = Release|Any CPU
		{B7B76DAA-56D8-48BB-8DBF-DC2E2ED9F1A8}.Ad-Hoc|ARM.ActiveCfg = Release|Any CPU
		{B7B76DAA-56D8-48BB-8DBF-DC2E2ED9F1A8}.Ad-Hoc|ARM.Build.0 = Release|Any CPU
		{B7B76DAA-56D8-48BB-8DBF-DC2E2ED9F1A8}.Ad-Hoc|iPhone.ActiveCfg = Release|Any CPU
		{B7B76DAA-56D8-48BB-8DBF-DC2E2ED9F1A8}.Ad-Hoc|iPhone.Build.0 = Release|Any CPU
		{B7B76DAA-56D8-48BB-8DBF-DC2E2ED9F1A8}.Ad-Hoc|iPhoneSimulator.ActiveCfg = Release|Any CPU
		{B7B76DAA-56D8-48BB-8DBF-DC2E2ED9F1A8}.Ad-Hoc|iPhoneSimulator.Build.0 = Release|Any CPU
		{B7B76DAA-56D8-48BB-8DBF-DC2E2ED9F1A8}.Ad-Hoc|x64.ActiveCfg = Release|Any CPU
		{B7B76DAA-56D8-48BB-8DBF-DC2E2ED9F1A8}.Ad-Hoc|x64.Build.0 = Release|Any CPU
		{B7B76DAA-56D8-48BB-8DBF-DC2E2ED9F1A8}.Ad-Hoc|x86.ActiveCfg = Release|Any CPU
		{B7B76DAA-56D8-48BB-8DBF-DC2E2ED9F1A8}.Ad-Hoc|x86.Build.0 = Release|Any CPU
		{B7B76DAA-56D8-48BB-8DBF-DC2E2ED9F1A8}.AppStore|Any CPU.ActiveCfg = Release|Any CPU
		{B7B76DAA-56D8-48BB-8DBF-DC2E2ED9F1A8}.AppStore|Any CPU.Build.0 = Release|Any CPU
		{B7B76DAA-56D8-48BB-8DBF-DC2E2ED9F1A8}.AppStore|ARM.ActiveCfg = Release|Any CPU
		{B7B76DAA-56D8-48BB-8DBF-DC2E2ED9F1A8}.AppStore|ARM.Build.0 = Release|Any CPU
		{B7B76DAA-56D8-48BB-8DBF-DC2E2ED9F1A8}.AppStore|iPhone.ActiveCfg = Release|Any CPU
		{B7B76DAA-56D8-48BB-8DBF-DC2E2ED9F1A8}.AppStore|iPhone.Build.0 = Release|Any CPU
		{B7B76DAA-56D8-48BB-8DBF-DC2E2ED9F1A8}.AppStore|iPhoneSimulator.ActiveCfg = Release|Any CPU
		{B7B76DAA-56D8-48BB-8DBF-DC2E2ED9F1A8}.AppStore|iPhoneSimulator.Build.0 = Release|Any CPU
		{B7B76DAA-56D8-48BB-8DBF-DC2E2ED9F1A8}.AppStore|x64.ActiveCfg = Release|Any CPU
		{B7B76DAA-56D8-48BB-8DBF-DC2E2ED9F1A8}.AppStore|x64.Build.0 = Release|Any CPU
		{B7B76DAA-56D8-48BB-8DBF-DC2E2ED9F1A8}.AppStore|x86.ActiveCfg = Release|Any CPU
		{B7B76DAA-56D8-48BB-8DBF-DC2E2ED9F1A8}.AppStore|x86.Build.0 = Release|Any CPU
		{B7B76DAA-56D8-48BB-8DBF-DC2E2ED9F1A8}.Debug|Any CPU.ActiveCfg = Debug|Any CPU
		{B7B76DAA-56D8-48BB-8DBF-DC2E2ED9F1A8}.Debug|Any CPU.Build.0 = Debug|Any CPU
		{B7B76DAA-56D8-48BB-8DBF-DC2E2ED9F1A8}.Debug|ARM.ActiveCfg = Debug|Any CPU
		{B7B76DAA-56D8-48BB-8DBF-DC2E2ED9F1A8}.Debug|ARM.Build.0 = Debug|Any CPU
		{B7B76DAA-56D8-48BB-8DBF-DC2E2ED9F1A8}.Debug|iPhone.ActiveCfg = Debug|Any CPU
		{B7B76DAA-56D8-48BB-8DBF-DC2E2ED9F1A8}.Debug|iPhone.Build.0 = Debug|Any CPU
		{B7B76DAA-56D8-48BB-8DBF-DC2E2ED9F1A8}.Debug|iPhoneSimulator.ActiveCfg = Debug|Any CPU
		{B7B76DAA-56D8-48BB-8DBF-DC2E2ED9F1A8}.Debug|iPhoneSimulator.Build.0 = Debug|Any CPU
		{B7B76DAA-56D8-48BB-8DBF-DC2E2ED9F1A8}.Debug|x64.ActiveCfg = Debug|Any CPU
		{B7B76DAA-56D8-48BB-8DBF-DC2E2ED9F1A8}.Debug|x64.Build.0 = Debug|Any CPU
		{B7B76DAA-56D8-48BB-8DBF-DC2E2ED9F1A8}.Debug|x86.ActiveCfg = Debug|Any CPU
		{B7B76DAA-56D8-48BB-8DBF-DC2E2ED9F1A8}.Debug|x86.Build.0 = Debug|Any CPU
		{B7B76DAA-56D8-48BB-8DBF-DC2E2ED9F1A8}.Release|Any CPU.ActiveCfg = Release|Any CPU
		{B7B76DAA-56D8-48BB-8DBF-DC2E2ED9F1A8}.Release|Any CPU.Build.0 = Release|Any CPU
		{B7B76DAA-56D8-48BB-8DBF-DC2E2ED9F1A8}.Release|ARM.ActiveCfg = Release|Any CPU
		{B7B76DAA-56D8-48BB-8DBF-DC2E2ED9F1A8}.Release|ARM.Build.0 = Release|Any CPU
		{B7B76DAA-56D8-48BB-8DBF-DC2E2ED9F1A8}.Release|iPhone.ActiveCfg = Release|Any CPU
		{B7B76DAA-56D8-48BB-8DBF-DC2E2ED9F1A8}.Release|iPhone.Build.0 = Release|Any CPU
		{B7B76DAA-56D8-48BB-8DBF-DC2E2ED9F1A8}.Release|iPhoneSimulator.ActiveCfg = Release|Any CPU
		{B7B76DAA-56D8-48BB-8DBF-DC2E2ED9F1A8}.Release|iPhoneSimulator.Build.0 = Release|Any CPU
		{B7B76DAA-56D8-48BB-8DBF-DC2E2ED9F1A8}.Release|x64.ActiveCfg = Release|Any CPU
		{B7B76DAA-56D8-48BB-8DBF-DC2E2ED9F1A8}.Release|x64.Build.0 = Release|Any CPU
		{B7B76DAA-56D8-48BB-8DBF-DC2E2ED9F1A8}.Release|x86.ActiveCfg = Release|Any CPU
		{B7B76DAA-56D8-48BB-8DBF-DC2E2ED9F1A8}.Release|x86.Build.0 = Release|Any CPU
		{9B4C2085-602D-4D8C-9ECA-3116F1E98743}.Ad-Hoc|Any CPU.ActiveCfg = Release|Any CPU
		{9B4C2085-602D-4D8C-9ECA-3116F1E98743}.Ad-Hoc|Any CPU.Build.0 = Release|Any CPU
		{9B4C2085-602D-4D8C-9ECA-3116F1E98743}.Ad-Hoc|Any CPU.Deploy.0 = Release|Any CPU
		{9B4C2085-602D-4D8C-9ECA-3116F1E98743}.Ad-Hoc|ARM.ActiveCfg = Release|Any CPU
		{9B4C2085-602D-4D8C-9ECA-3116F1E98743}.Ad-Hoc|ARM.Build.0 = Release|Any CPU
		{9B4C2085-602D-4D8C-9ECA-3116F1E98743}.Ad-Hoc|ARM.Deploy.0 = Release|Any CPU
		{9B4C2085-602D-4D8C-9ECA-3116F1E98743}.Ad-Hoc|iPhone.ActiveCfg = Release|Any CPU
		{9B4C2085-602D-4D8C-9ECA-3116F1E98743}.Ad-Hoc|iPhone.Build.0 = Release|Any CPU
		{9B4C2085-602D-4D8C-9ECA-3116F1E98743}.Ad-Hoc|iPhone.Deploy.0 = Release|Any CPU
		{9B4C2085-602D-4D8C-9ECA-3116F1E98743}.Ad-Hoc|iPhoneSimulator.ActiveCfg = Release|Any CPU
		{9B4C2085-602D-4D8C-9ECA-3116F1E98743}.Ad-Hoc|iPhoneSimulator.Build.0 = Release|Any CPU
		{9B4C2085-602D-4D8C-9ECA-3116F1E98743}.Ad-Hoc|iPhoneSimulator.Deploy.0 = Release|Any CPU
		{9B4C2085-602D-4D8C-9ECA-3116F1E98743}.Ad-Hoc|x64.ActiveCfg = Release|Any CPU
		{9B4C2085-602D-4D8C-9ECA-3116F1E98743}.Ad-Hoc|x64.Build.0 = Release|Any CPU
		{9B4C2085-602D-4D8C-9ECA-3116F1E98743}.Ad-Hoc|x64.Deploy.0 = Release|Any CPU
		{9B4C2085-602D-4D8C-9ECA-3116F1E98743}.Ad-Hoc|x86.ActiveCfg = Release|Any CPU
		{9B4C2085-602D-4D8C-9ECA-3116F1E98743}.Ad-Hoc|x86.Build.0 = Release|Any CPU
		{9B4C2085-602D-4D8C-9ECA-3116F1E98743}.Ad-Hoc|x86.Deploy.0 = Release|Any CPU
		{9B4C2085-602D-4D8C-9ECA-3116F1E98743}.AppStore|Any CPU.ActiveCfg = Release|Any CPU
		{9B4C2085-602D-4D8C-9ECA-3116F1E98743}.AppStore|Any CPU.Build.0 = Release|Any CPU
		{9B4C2085-602D-4D8C-9ECA-3116F1E98743}.AppStore|Any CPU.Deploy.0 = Release|Any CPU
		{9B4C2085-602D-4D8C-9ECA-3116F1E98743}.AppStore|ARM.ActiveCfg = Release|Any CPU
		{9B4C2085-602D-4D8C-9ECA-3116F1E98743}.AppStore|ARM.Build.0 = Release|Any CPU
		{9B4C2085-602D-4D8C-9ECA-3116F1E98743}.AppStore|ARM.Deploy.0 = Release|Any CPU
		{9B4C2085-602D-4D8C-9ECA-3116F1E98743}.AppStore|iPhone.ActiveCfg = Release|Any CPU
		{9B4C2085-602D-4D8C-9ECA-3116F1E98743}.AppStore|iPhone.Build.0 = Release|Any CPU
		{9B4C2085-602D-4D8C-9ECA-3116F1E98743}.AppStore|iPhone.Deploy.0 = Release|Any CPU
		{9B4C2085-602D-4D8C-9ECA-3116F1E98743}.AppStore|iPhoneSimulator.ActiveCfg = Release|Any CPU
		{9B4C2085-602D-4D8C-9ECA-3116F1E98743}.AppStore|iPhoneSimulator.Build.0 = Release|Any CPU
		{9B4C2085-602D-4D8C-9ECA-3116F1E98743}.AppStore|iPhoneSimulator.Deploy.0 = Release|Any CPU
		{9B4C2085-602D-4D8C-9ECA-3116F1E98743}.AppStore|x64.ActiveCfg = Release|Any CPU
		{9B4C2085-602D-4D8C-9ECA-3116F1E98743}.AppStore|x64.Build.0 = Release|Any CPU
		{9B4C2085-602D-4D8C-9ECA-3116F1E98743}.AppStore|x64.Deploy.0 = Release|Any CPU
		{9B4C2085-602D-4D8C-9ECA-3116F1E98743}.AppStore|x86.ActiveCfg = Release|Any CPU
		{9B4C2085-602D-4D8C-9ECA-3116F1E98743}.AppStore|x86.Build.0 = Release|Any CPU
		{9B4C2085-602D-4D8C-9ECA-3116F1E98743}.AppStore|x86.Deploy.0 = Release|Any CPU
		{9B4C2085-602D-4D8C-9ECA-3116F1E98743}.Debug|Any CPU.ActiveCfg = Debug|Any CPU
		{9B4C2085-602D-4D8C-9ECA-3116F1E98743}.Debug|Any CPU.Build.0 = Debug|Any CPU
		{9B4C2085-602D-4D8C-9ECA-3116F1E98743}.Debug|Any CPU.Deploy.0 = Debug|Any CPU
		{9B4C2085-602D-4D8C-9ECA-3116F1E98743}.Debug|ARM.ActiveCfg = Debug|Any CPU
		{9B4C2085-602D-4D8C-9ECA-3116F1E98743}.Debug|ARM.Build.0 = Debug|Any CPU
		{9B4C2085-602D-4D8C-9ECA-3116F1E98743}.Debug|ARM.Deploy.0 = Debug|Any CPU
		{9B4C2085-602D-4D8C-9ECA-3116F1E98743}.Debug|iPhone.ActiveCfg = Debug|Any CPU
		{9B4C2085-602D-4D8C-9ECA-3116F1E98743}.Debug|iPhone.Build.0 = Debug|Any CPU
		{9B4C2085-602D-4D8C-9ECA-3116F1E98743}.Debug|iPhone.Deploy.0 = Debug|Any CPU
		{9B4C2085-602D-4D8C-9ECA-3116F1E98743}.Debug|iPhoneSimulator.ActiveCfg = Debug|Any CPU
		{9B4C2085-602D-4D8C-9ECA-3116F1E98743}.Debug|iPhoneSimulator.Build.0 = Debug|Any CPU
		{9B4C2085-602D-4D8C-9ECA-3116F1E98743}.Debug|iPhoneSimulator.Deploy.0 = Debug|Any CPU
		{9B4C2085-602D-4D8C-9ECA-3116F1E98743}.Debug|x64.ActiveCfg = Debug|Any CPU
		{9B4C2085-602D-4D8C-9ECA-3116F1E98743}.Debug|x64.Build.0 = Debug|Any CPU
		{9B4C2085-602D-4D8C-9ECA-3116F1E98743}.Debug|x64.Deploy.0 = Debug|Any CPU
		{9B4C2085-602D-4D8C-9ECA-3116F1E98743}.Debug|x86.ActiveCfg = Debug|Any CPU
		{9B4C2085-602D-4D8C-9ECA-3116F1E98743}.Debug|x86.Build.0 = Debug|Any CPU
		{9B4C2085-602D-4D8C-9ECA-3116F1E98743}.Debug|x86.Deploy.0 = Debug|Any CPU
		{9B4C2085-602D-4D8C-9ECA-3116F1E98743}.Release|Any CPU.ActiveCfg = Release|Any CPU
		{9B4C2085-602D-4D8C-9ECA-3116F1E98743}.Release|Any CPU.Build.0 = Release|Any CPU
		{9B4C2085-602D-4D8C-9ECA-3116F1E98743}.Release|Any CPU.Deploy.0 = Release|Any CPU
		{9B4C2085-602D-4D8C-9ECA-3116F1E98743}.Release|ARM.ActiveCfg = Release|Any CPU
		{9B4C2085-602D-4D8C-9ECA-3116F1E98743}.Release|ARM.Build.0 = Release|Any CPU
		{9B4C2085-602D-4D8C-9ECA-3116F1E98743}.Release|ARM.Deploy.0 = Release|Any CPU
		{9B4C2085-602D-4D8C-9ECA-3116F1E98743}.Release|iPhone.ActiveCfg = Release|Any CPU
		{9B4C2085-602D-4D8C-9ECA-3116F1E98743}.Release|iPhone.Build.0 = Release|Any CPU
		{9B4C2085-602D-4D8C-9ECA-3116F1E98743}.Release|iPhone.Deploy.0 = Release|Any CPU
		{9B4C2085-602D-4D8C-9ECA-3116F1E98743}.Release|iPhoneSimulator.ActiveCfg = Release|Any CPU
		{9B4C2085-602D-4D8C-9ECA-3116F1E98743}.Release|iPhoneSimulator.Build.0 = Release|Any CPU
		{9B4C2085-602D-4D8C-9ECA-3116F1E98743}.Release|iPhoneSimulator.Deploy.0 = Release|Any CPU
		{9B4C2085-602D-4D8C-9ECA-3116F1E98743}.Release|x64.ActiveCfg = Release|Any CPU
		{9B4C2085-602D-4D8C-9ECA-3116F1E98743}.Release|x64.Build.0 = Release|Any CPU
		{9B4C2085-602D-4D8C-9ECA-3116F1E98743}.Release|x64.Deploy.0 = Release|Any CPU
		{9B4C2085-602D-4D8C-9ECA-3116F1E98743}.Release|x86.ActiveCfg = Release|Any CPU
		{9B4C2085-602D-4D8C-9ECA-3116F1E98743}.Release|x86.Build.0 = Release|Any CPU
		{9B4C2085-602D-4D8C-9ECA-3116F1E98743}.Release|x86.Deploy.0 = Release|Any CPU
		{2DC52AC0-AEE3-454D-9AF1-D923E1BD0337}.Ad-Hoc|Any CPU.ActiveCfg = Ad-Hoc|iPhone
		{2DC52AC0-AEE3-454D-9AF1-D923E1BD0337}.Ad-Hoc|ARM.ActiveCfg = Ad-Hoc|iPhone
		{2DC52AC0-AEE3-454D-9AF1-D923E1BD0337}.Ad-Hoc|iPhone.ActiveCfg = Ad-Hoc|iPhone
		{2DC52AC0-AEE3-454D-9AF1-D923E1BD0337}.Ad-Hoc|iPhone.Build.0 = Ad-Hoc|iPhone
		{2DC52AC0-AEE3-454D-9AF1-D923E1BD0337}.Ad-Hoc|iPhoneSimulator.ActiveCfg = Ad-Hoc|iPhoneSimulator
		{2DC52AC0-AEE3-454D-9AF1-D923E1BD0337}.Ad-Hoc|iPhoneSimulator.Build.0 = Ad-Hoc|iPhoneSimulator
		{2DC52AC0-AEE3-454D-9AF1-D923E1BD0337}.Ad-Hoc|x64.ActiveCfg = Ad-Hoc|iPhone
		{2DC52AC0-AEE3-454D-9AF1-D923E1BD0337}.Ad-Hoc|x86.ActiveCfg = Ad-Hoc|iPhone
		{2DC52AC0-AEE3-454D-9AF1-D923E1BD0337}.AppStore|Any CPU.ActiveCfg = AppStore|iPhone
		{2DC52AC0-AEE3-454D-9AF1-D923E1BD0337}.AppStore|ARM.ActiveCfg = AppStore|iPhone
		{2DC52AC0-AEE3-454D-9AF1-D923E1BD0337}.AppStore|iPhone.ActiveCfg = AppStore|iPhone
		{2DC52AC0-AEE3-454D-9AF1-D923E1BD0337}.AppStore|iPhone.Build.0 = AppStore|iPhone
		{2DC52AC0-AEE3-454D-9AF1-D923E1BD0337}.AppStore|iPhoneSimulator.ActiveCfg = AppStore|iPhoneSimulator
		{2DC52AC0-AEE3-454D-9AF1-D923E1BD0337}.AppStore|iPhoneSimulator.Build.0 = AppStore|iPhoneSimulator
		{2DC52AC0-AEE3-454D-9AF1-D923E1BD0337}.AppStore|x64.ActiveCfg = AppStore|iPhone
		{2DC52AC0-AEE3-454D-9AF1-D923E1BD0337}.AppStore|x86.ActiveCfg = AppStore|iPhone
		{2DC52AC0-AEE3-454D-9AF1-D923E1BD0337}.Debug|Any CPU.ActiveCfg = Debug|iPhone
		{2DC52AC0-AEE3-454D-9AF1-D923E1BD0337}.Debug|ARM.ActiveCfg = Debug|iPhone
		{2DC52AC0-AEE3-454D-9AF1-D923E1BD0337}.Debug|iPhone.ActiveCfg = Debug|iPhone
		{2DC52AC0-AEE3-454D-9AF1-D923E1BD0337}.Debug|iPhone.Build.0 = Debug|iPhone
		{2DC52AC0-AEE3-454D-9AF1-D923E1BD0337}.Debug|iPhoneSimulator.ActiveCfg = Debug|iPhoneSimulator
		{2DC52AC0-AEE3-454D-9AF1-D923E1BD0337}.Debug|iPhoneSimulator.Build.0 = Debug|iPhoneSimulator
		{2DC52AC0-AEE3-454D-9AF1-D923E1BD0337}.Debug|x64.ActiveCfg = Debug|iPhone
		{2DC52AC0-AEE3-454D-9AF1-D923E1BD0337}.Debug|x86.ActiveCfg = Debug|iPhone
		{2DC52AC0-AEE3-454D-9AF1-D923E1BD0337}.Debug|x86.Build.0 = Debug|iPhone
		{2DC52AC0-AEE3-454D-9AF1-D923E1BD0337}.Release|Any CPU.ActiveCfg = Release|iPhone
		{2DC52AC0-AEE3-454D-9AF1-D923E1BD0337}.Release|ARM.ActiveCfg = Release|iPhone
		{2DC52AC0-AEE3-454D-9AF1-D923E1BD0337}.Release|iPhone.ActiveCfg = Release|iPhone
		{2DC52AC0-AEE3-454D-9AF1-D923E1BD0337}.Release|iPhone.Build.0 = Release|iPhone
		{2DC52AC0-AEE3-454D-9AF1-D923E1BD0337}.Release|iPhoneSimulator.ActiveCfg = Release|iPhoneSimulator
		{2DC52AC0-AEE3-454D-9AF1-D923E1BD0337}.Release|iPhoneSimulator.Build.0 = Release|iPhoneSimulator
		{2DC52AC0-AEE3-454D-9AF1-D923E1BD0337}.Release|x64.ActiveCfg = Release|iPhone
		{2DC52AC0-AEE3-454D-9AF1-D923E1BD0337}.Release|x86.ActiveCfg = Release|iPhone
		{0C016084-0D49-4950-84D9-3D706903478E}.Ad-Hoc|Any CPU.ActiveCfg = Release|x86
		{0C016084-0D49-4950-84D9-3D706903478E}.Ad-Hoc|Any CPU.Build.0 = Release|x86
		{0C016084-0D49-4950-84D9-3D706903478E}.Ad-Hoc|Any CPU.Deploy.0 = Release|x86
		{0C016084-0D49-4950-84D9-3D706903478E}.Ad-Hoc|ARM.ActiveCfg = Release|ARM
		{0C016084-0D49-4950-84D9-3D706903478E}.Ad-Hoc|ARM.Build.0 = Release|ARM
		{0C016084-0D49-4950-84D9-3D706903478E}.Ad-Hoc|ARM.Deploy.0 = Release|ARM
		{0C016084-0D49-4950-84D9-3D706903478E}.Ad-Hoc|iPhone.ActiveCfg = Release|x86
		{0C016084-0D49-4950-84D9-3D706903478E}.Ad-Hoc|iPhone.Build.0 = Release|x86
		{0C016084-0D49-4950-84D9-3D706903478E}.Ad-Hoc|iPhone.Deploy.0 = Release|x86
		{0C016084-0D49-4950-84D9-3D706903478E}.Ad-Hoc|iPhoneSimulator.ActiveCfg = Release|x86
		{0C016084-0D49-4950-84D9-3D706903478E}.Ad-Hoc|iPhoneSimulator.Build.0 = Release|x86
		{0C016084-0D49-4950-84D9-3D706903478E}.Ad-Hoc|iPhoneSimulator.Deploy.0 = Release|x86
		{0C016084-0D49-4950-84D9-3D706903478E}.Ad-Hoc|x64.ActiveCfg = Release|x64
		{0C016084-0D49-4950-84D9-3D706903478E}.Ad-Hoc|x64.Build.0 = Release|x64
		{0C016084-0D49-4950-84D9-3D706903478E}.Ad-Hoc|x64.Deploy.0 = Release|x64
		{0C016084-0D49-4950-84D9-3D706903478E}.Ad-Hoc|x86.ActiveCfg = Release|x86
		{0C016084-0D49-4950-84D9-3D706903478E}.Ad-Hoc|x86.Build.0 = Release|x86
		{0C016084-0D49-4950-84D9-3D706903478E}.Ad-Hoc|x86.Deploy.0 = Release|x86
		{0C016084-0D49-4950-84D9-3D706903478E}.AppStore|Any CPU.ActiveCfg = Release|x86
		{0C016084-0D49-4950-84D9-3D706903478E}.AppStore|Any CPU.Build.0 = Release|x86
		{0C016084-0D49-4950-84D9-3D706903478E}.AppStore|Any CPU.Deploy.0 = Release|x86
		{0C016084-0D49-4950-84D9-3D706903478E}.AppStore|ARM.ActiveCfg = Release|ARM
		{0C016084-0D49-4950-84D9-3D706903478E}.AppStore|ARM.Build.0 = Release|ARM
		{0C016084-0D49-4950-84D9-3D706903478E}.AppStore|ARM.Deploy.0 = Release|ARM
		{0C016084-0D49-4950-84D9-3D706903478E}.AppStore|iPhone.ActiveCfg = Release|x86
		{0C016084-0D49-4950-84D9-3D706903478E}.AppStore|iPhone.Build.0 = Release|x86
		{0C016084-0D49-4950-84D9-3D706903478E}.AppStore|iPhone.Deploy.0 = Release|x86
		{0C016084-0D49-4950-84D9-3D706903478E}.AppStore|iPhoneSimulator.ActiveCfg = Release|x86
		{0C016084-0D49-4950-84D9-3D706903478E}.AppStore|iPhoneSimulator.Build.0 = Release|x86
		{0C016084-0D49-4950-84D9-3D706903478E}.AppStore|iPhoneSimulator.Deploy.0 = Release|x86
		{0C016084-0D49-4950-84D9-3D706903478E}.AppStore|x64.ActiveCfg = Release|x64
		{0C016084-0D49-4950-84D9-3D706903478E}.AppStore|x64.Build.0 = Release|x64
		{0C016084-0D49-4950-84D9-3D706903478E}.AppStore|x64.Deploy.0 = Release|x64
		{0C016084-0D49-4950-84D9-3D706903478E}.AppStore|x86.ActiveCfg = Release|x86
		{0C016084-0D49-4950-84D9-3D706903478E}.AppStore|x86.Build.0 = Release|x86
		{0C016084-0D49-4950-84D9-3D706903478E}.AppStore|x86.Deploy.0 = Release|x86
		{0C016084-0D49-4950-84D9-3D706903478E}.Debug|Any CPU.ActiveCfg = Debug|x86
		{0C016084-0D49-4950-84D9-3D706903478E}.Debug|ARM.ActiveCfg = Debug|ARM
		{0C016084-0D49-4950-84D9-3D706903478E}.Debug|ARM.Build.0 = Debug|ARM
		{0C016084-0D49-4950-84D9-3D706903478E}.Debug|ARM.Deploy.0 = Debug|ARM
		{0C016084-0D49-4950-84D9-3D706903478E}.Debug|iPhone.ActiveCfg = Debug|x86
		{0C016084-0D49-4950-84D9-3D706903478E}.Debug|iPhoneSimulator.ActiveCfg = Debug|x86
		{0C016084-0D49-4950-84D9-3D706903478E}.Debug|x64.ActiveCfg = Debug|x64
		{0C016084-0D49-4950-84D9-3D706903478E}.Debug|x64.Build.0 = Debug|x64
		{0C016084-0D49-4950-84D9-3D706903478E}.Debug|x64.Deploy.0 = Debug|x64
		{0C016084-0D49-4950-84D9-3D706903478E}.Debug|x86.ActiveCfg = Debug|x86
		{0C016084-0D49-4950-84D9-3D706903478E}.Debug|x86.Build.0 = Debug|x86
		{0C016084-0D49-4950-84D9-3D706903478E}.Debug|x86.Deploy.0 = Debug|x86
		{0C016084-0D49-4950-84D9-3D706903478E}.Release|Any CPU.ActiveCfg = Release|x86
		{0C016084-0D49-4950-84D9-3D706903478E}.Release|ARM.ActiveCfg = Release|ARM
		{0C016084-0D49-4950-84D9-3D706903478E}.Release|ARM.Build.0 = Release|ARM
		{0C016084-0D49-4950-84D9-3D706903478E}.Release|ARM.Deploy.0 = Release|ARM
		{0C016084-0D49-4950-84D9-3D706903478E}.Release|iPhone.ActiveCfg = Release|x86
		{0C016084-0D49-4950-84D9-3D706903478E}.Release|iPhoneSimulator.ActiveCfg = Release|x86
		{0C016084-0D49-4950-84D9-3D706903478E}.Release|x64.ActiveCfg = Release|x64
		{0C016084-0D49-4950-84D9-3D706903478E}.Release|x64.Build.0 = Release|x64
		{0C016084-0D49-4950-84D9-3D706903478E}.Release|x64.Deploy.0 = Release|x64
		{0C016084-0D49-4950-84D9-3D706903478E}.Release|x86.ActiveCfg = Release|x86
		{0C016084-0D49-4950-84D9-3D706903478E}.Release|x86.Build.0 = Release|x86
		{0C016084-0D49-4950-84D9-3D706903478E}.Release|x86.Deploy.0 = Release|x86
	EndGlobalSection
	GlobalSection(SolutionProperties) = preSolution
		HideSolutionNode = FALSE
	EndGlobalSection
EndGlobal
